
Microsoft Visual Studio Solution File, Format Version 12.00
# Visual Studio 15
Project("{FAE04EC0-301F-11D3-BF4B-00C04F79EFBC}") = "Assembly-CSharp", "Assembly-CSharp.csproj", "{01CA610C-E920-1F29-0856-06D4D1D24908}"
EndProject
Project("{FAE04EC0-301F-11D3-BF4B-00C04F79EFBC}") = "Assembly-CSharp-Editor", "Assembly-CSharp-Editor.csproj", "{C7695C37-DBB4-E51D-0AD8-0341E67685C0}"
EndProject
Global
	GlobalSection(SolutionConfigurationPlatforms) = preSolution
		Debug|Any CPU = Debug|Any CPU
		Release|Any CPU = Release|Any CPU
	EndGlobalSection
	GlobalSection(ProjectConfigurationPlatforms) = postSolution
		{01CA610C-E920-1F29-0856-06D4D1D24908}.Debug|Any CPU.ActiveCfg = Debug|Any CPU
		{01CA610C-E920-1F29-0856-06D4D1D24908}.Debug|Any CPU.Build.0 = Debug|Any CPU
		{01CA610C-E920-1F29-0856-06D4D1D24908}.Release|Any CPU.ActiveCfg = Release|Any CPU
		{01CA610C-E920-1F29-0856-06D4D1D24908}.Release|Any CPU.Build.0 = Release|Any CPU
		{C7695C37-DBB4-E51D-0AD8-0341E67685C0}.Debug|Any CPU.ActiveCfg = Debug|Any CPU
		{C7695C37-DBB4-E51D-0AD8-0341E67685C0}.Debug|Any CPU.Build.0 = Debug|Any CPU
		{C7695C37-DBB4-E51D-0AD8-0341E67685C0}.Release|Any CPU.ActiveCfg = Release|Any CPU
		{C7695C37-DBB4-E51D-0AD8-0341E67685C0}.Release|Any CPU.Build.0 = Release|Any CPU
	EndGlobalSection
	GlobalSection(SolutionProperties) = preSolution
		HideSolutionNode = FALSE
	EndGlobalSection
EndGlobal
